// !$*UTF8*$!
{
	archiveVersion = 1;
	classes = {
	};
	objectVersion = 56;
	objects = {

/* Begin PBXBuildFile section */
		BE3A472F2A3200BB00D6A832 /* AnaController.swift in Sources */ = {isa = PBXBuildFile; fileRef = BE3A472E2A3200BB00D6A832 /* AnaController.swift */; };
		BE3A47312A32028200D6A832 /* AnaPaylasimCell.swift in Sources */ = {isa = PBXBuildFile; fileRef = BE3A47302A32028200D6A832 /* AnaPaylasimCell.swift */; };
		BE3A47332A3318EB00D6A832 /* KullaniciAraController.swift in Sources */ = {isa = PBXBuildFile; fileRef = BE3A47322A3318EB00D6A832 /* KullaniciAraController.swift */; };
		BE3A47362A336A5D00D6A832 /* KullaniciAraCell.swift in Sources */ = {isa = PBXBuildFile; fileRef = BE3A47352A336A5D00D6A832 /* KullaniciAraCell.swift */; };
		BEFEAC362A2B564400492A08 /* AppDelegate.swift in Sources */ = {isa = PBXBuildFile; fileRef = BEFEAC352A2B564400492A08 /* AppDelegate.swift */; };
		BEFEAC382A2B564400492A08 /* SceneDelegate.swift in Sources */ = {isa = PBXBuildFile; fileRef = BEFEAC372A2B564400492A08 /* SceneDelegate.swift */; };
		BEFEAC3A2A2B564400492A08 /* KayitOlController.swift in Sources */ = {isa = PBXBuildFile; fileRef = BEFEAC392A2B564400492A08 /* KayitOlController.swift */; };
		BEFEAC3D2A2B564400492A08 /* Main.storyboard in Resources */ = {isa = PBXBuildFile; fileRef = BEFEAC3B2A2B564400492A08 /* Main.storyboard */; };
		BEFEAC3F2A2B564500492A08 /* Assets.xcassets in Resources */ = {isa = PBXBuildFile; fileRef = BEFEAC3E2A2B564500492A08 /* Assets.xcassets */; };
		BEFEAC422A2B564500492A08 /* LaunchScreen.storyboard in Resources */ = {isa = PBXBuildFile; fileRef = BEFEAC402A2B564500492A08 /* LaunchScreen.storyboard */; };
		BEFEAC4A2A2B667900492A08 /* Extension.swift in Sources */ = {isa = PBXBuildFile; fileRef = BEFEAC492A2B667900492A08 /* Extension.swift */; };
		BEFEAC4C2A2B710D00492A08 /* GoogleService-Info.plist in Resources */ = {isa = PBXBuildFile; fileRef = BEFEAC4B2A2B710D00492A08 /* GoogleService-Info.plist */; };
		BEFEAC562A2BA73A00492A08 /* JGProgressHUD in Frameworks */ = {isa = PBXBuildFile; productRef = BEFEAC552A2BA73A00492A08 /* JGProgressHUD */; };
		BEFEAC592A2BA8AA00492A08 /* FirebaseAuth in Frameworks */ = {isa = PBXBuildFile; productRef = BEFEAC582A2BA8AA00492A08 /* FirebaseAuth */; };
		BEFEAC5B2A2BA8AA00492A08 /* FirebaseDatabase in Frameworks */ = {isa = PBXBuildFile; productRef = BEFEAC5A2A2BA8AA00492A08 /* FirebaseDatabase */; };
		BEFEAC5D2A2BA8AA00492A08 /* FirebaseFirestore in Frameworks */ = {isa = PBXBuildFile; productRef = BEFEAC5C2A2BA8AA00492A08 /* FirebaseFirestore */; };
		BEFEAC5F2A2BA8AA00492A08 /* FirebaseStorage in Frameworks */ = {isa = PBXBuildFile; productRef = BEFEAC5E2A2BA8AA00492A08 /* FirebaseStorage */; };
		BEFEAC622A2BA8E500492A08 /* SDWebImage in Frameworks */ = {isa = PBXBuildFile; productRef = BEFEAC612A2BA8E500492A08 /* SDWebImage */; };
		BEFEAC642A2BDECC00492A08 /* AnaTabBarController.swift in Sources */ = {isa = PBXBuildFile; fileRef = BEFEAC632A2BDECC00492A08 /* AnaTabBarController.swift */; };
		BEFEAC662A2BDFEC00492A08 /* KullaniciProfiliController.swift in Sources */ = {isa = PBXBuildFile; fileRef = BEFEAC652A2BDFEC00492A08 /* KullaniciProfiliController.swift */; };
		BEFEAC692A2BF2AE00492A08 /* KullaniciProfilHeader.swift in Sources */ = {isa = PBXBuildFile; fileRef = BEFEAC682A2BF2AE00492A08 /* KullaniciProfilHeader.swift */; };
		BEFEAC6C2A2BFC0100492A08 /* Kullanici.swift in Sources */ = {isa = PBXBuildFile; fileRef = BEFEAC6B2A2BFC0100492A08 /* Kullanici.swift */; };
		BEFEAC6F2A2C647800492A08 /* OturumAcController.swift in Sources */ = {isa = PBXBuildFile; fileRef = BEFEAC6E2A2C647800492A08 /* OturumAcController.swift */; };
		BEFEAC722A2E47B300492A08 /* FotografSeciciController.swift in Sources */ = {isa = PBXBuildFile; fileRef = BEFEAC712A2E47B300492A08 /* FotografSeciciController.swift */; };
		BEFEAC742A2F280700492A08 /* FotografSeciciCell.swift in Sources */ = {isa = PBXBuildFile; fileRef = BEFEAC732A2F280700492A08 /* FotografSeciciCell.swift */; };
		BEFEAC762A2F6CAA00492A08 /* FotografSeciciHeader.swift in Sources */ = {isa = PBXBuildFile; fileRef = BEFEAC752A2F6CAA00492A08 /* FotografSeciciHeader.swift */; };
		BEFEAC782A2F845800492A08 /* FotografPaylasController.swift in Sources */ = {isa = PBXBuildFile; fileRef = BEFEAC772A2F845800492A08 /* FotografPaylasController.swift */; };
		BEFEAC7A2A304BF100492A08 /* Paylasim.swift in Sources */ = {isa = PBXBuildFile; fileRef = BEFEAC792A304BF100492A08 /* Paylasim.swift */; };
		BEFEAC7C2A30526800492A08 /* KullaniciPaylasimFotoCell.swift in Sources */ = {isa = PBXBuildFile; fileRef = BEFEAC7B2A30526800492A08 /* KullaniciPaylasimFotoCell.swift */; };
/* End PBXBuildFile section */

/* Begin PBXFileReference section */
		BE3A472E2A3200BB00D6A832 /* AnaController.swift */ = {isa = PBXFileReference; lastKnownFileType = sourcecode.swift; path = AnaController.swift; sourceTree = "<group>"; };
		BE3A47302A32028200D6A832 /* AnaPaylasimCell.swift */ = {isa = PBXFileReference; lastKnownFileType = sourcecode.swift; path = AnaPaylasimCell.swift; sourceTree = "<group>"; };
		BE3A47322A3318EB00D6A832 /* KullaniciAraController.swift */ = {isa = PBXFileReference; lastKnownFileType = sourcecode.swift; path = KullaniciAraController.swift; sourceTree = "<group>"; };
		BE3A47352A336A5D00D6A832 /* KullaniciAraCell.swift */ = {isa = PBXFileReference; lastKnownFileType = sourcecode.swift; path = KullaniciAraCell.swift; sourceTree = "<group>"; };
		BEFEAC322A2B564400492A08 /* InstagramClone.app */ = {isa = PBXFileReference; explicitFileType = wrapper.application; includeInIndex = 0; path = InstagramClone.app; sourceTree = BUILT_PRODUCTS_DIR; };
		BEFEAC352A2B564400492A08 /* AppDelegate.swift */ = {isa = PBXFileReference; lastKnownFileType = sourcecode.swift; path = AppDelegate.swift; sourceTree = "<group>"; };
		BEFEAC372A2B564400492A08 /* SceneDelegate.swift */ = {isa = PBXFileReference; lastKnownFileType = sourcecode.swift; path = SceneDelegate.swift; sourceTree = "<group>"; };
		BEFEAC392A2B564400492A08 /* KayitOlController.swift */ = {isa = PBXFileReference; lastKnownFileType = sourcecode.swift; path = KayitOlController.swift; sourceTree = "<group>"; };
		BEFEAC3C2A2B564400492A08 /* Base */ = {isa = PBXFileReference; lastKnownFileType = file.storyboard; name = Base; path = Base.lproj/Main.storyboard; sourceTree = "<group>"; };
		BEFEAC3E2A2B564500492A08 /* Assets.xcassets */ = {isa = PBXFileReference; lastKnownFileType = folder.assetcatalog; path = Assets.xcassets; sourceTree = "<group>"; };
		BEFEAC412A2B564500492A08 /* Base */ = {isa = PBXFileReference; lastKnownFileType = file.storyboard; name = Base; path = Base.lproj/LaunchScreen.storyboard; sourceTree = "<group>"; };
		BEFEAC432A2B564500492A08 /* Info.plist */ = {isa = PBXFileReference; lastKnownFileType = text.plist.xml; path = Info.plist; sourceTree = "<group>"; };
		BEFEAC492A2B667900492A08 /* Extension.swift */ = {isa = PBXFileReference; lastKnownFileType = sourcecode.swift; path = Extension.swift; sourceTree = "<group>"; };
		BEFEAC4B2A2B710D00492A08 /* GoogleService-Info.plist */ = {isa = PBXFileReference; fileEncoding = 4; lastKnownFileType = text.plist.xml; path = "GoogleService-Info.plist"; sourceTree = "<group>"; };
		BEFEAC632A2BDECC00492A08 /* AnaTabBarController.swift */ = {isa = PBXFileReference; lastKnownFileType = sourcecode.swift; path = AnaTabBarController.swift; sourceTree = "<group>"; };
		BEFEAC652A2BDFEC00492A08 /* KullaniciProfiliController.swift */ = {isa = PBXFileReference; lastKnownFileType = sourcecode.swift; path = KullaniciProfiliController.swift; sourceTree = "<group>"; };
		BEFEAC682A2BF2AE00492A08 /* KullaniciProfilHeader.swift */ = {isa = PBXFileReference; lastKnownFileType = sourcecode.swift; path = KullaniciProfilHeader.swift; sourceTree = "<group>"; };
		BEFEAC6B2A2BFC0100492A08 /* Kullanici.swift */ = {isa = PBXFileReference; lastKnownFileType = sourcecode.swift; path = Kullanici.swift; sourceTree = "<group>"; };
		BEFEAC6E2A2C647800492A08 /* OturumAcController.swift */ = {isa = PBXFileReference; lastKnownFileType = sourcecode.swift; path = OturumAcController.swift; sourceTree = "<group>"; };
		BEFEAC712A2E47B300492A08 /* FotografSeciciController.swift */ = {isa = PBXFileReference; lastKnownFileType = sourcecode.swift; path = FotografSeciciController.swift; sourceTree = "<group>"; };
		BEFEAC732A2F280700492A08 /* FotografSeciciCell.swift */ = {isa = PBXFileReference; lastKnownFileType = sourcecode.swift; path = FotografSeciciCell.swift; sourceTree = "<group>"; };
		BEFEAC752A2F6CAA00492A08 /* FotografSeciciHeader.swift */ = {isa = PBXFileReference; lastKnownFileType = sourcecode.swift; path = FotografSeciciHeader.swift; sourceTree = "<group>"; };
		BEFEAC772A2F845800492A08 /* FotografPaylasController.swift */ = {isa = PBXFileReference; lastKnownFileType = sourcecode.swift; path = FotografPaylasController.swift; sourceTree = "<group>"; };
		BEFEAC792A304BF100492A08 /* Paylasim.swift */ = {isa = PBXFileReference; lastKnownFileType = sourcecode.swift; path = Paylasim.swift; sourceTree = "<group>"; };
		BEFEAC7B2A30526800492A08 /* KullaniciPaylasimFotoCell.swift */ = {isa = PBXFileReference; lastKnownFileType = sourcecode.swift; path = KullaniciPaylasimFotoCell.swift; sourceTree = "<group>"; };
/* End PBXFileReference section */

/* Begin PBXFrameworksBuildPhase section */
		BEFEAC2F2A2B564400492A08 /* Frameworks */ = {
			isa = PBXFrameworksBuildPhase;
			buildActionMask = 2147483647;
			files = (
				BEFEAC622A2BA8E500492A08 /* SDWebImage in Frameworks */,
				BEFEAC5B2A2BA8AA00492A08 /* FirebaseDatabase in Frameworks */,
				BEFEAC5D2A2BA8AA00492A08 /* FirebaseFirestore in Frameworks */,
				BEFEAC562A2BA73A00492A08 /* JGProgressHUD in Frameworks */,
				BEFEAC5F2A2BA8AA00492A08 /* FirebaseStorage in Frameworks */,
				BEFEAC592A2BA8AA00492A08 /* FirebaseAuth in Frameworks */,
			);
			runOnlyForDeploymentPostprocessing = 0;
		};
/* End PBXFrameworksBuildPhase section */

/* Begin PBXGroup section */
		BE3A472D2A32009D00D6A832 /* AnaGorunum */ = {
			isa = PBXGroup;
			children = (
				BE3A472E2A3200BB00D6A832 /* AnaController.swift */,
				BE3A47302A32028200D6A832 /* AnaPaylasimCell.swift */,
			);
			path = AnaGorunum;
			sourceTree = "<group>";
		};
		BE3A47342A33192D00D6A832 /* Ara */ = {
			isa = PBXGroup;
			children = (
				BE3A47322A3318EB00D6A832 /* KullaniciAraController.swift */,
				BE3A47352A336A5D00D6A832 /* KullaniciAraCell.swift */,
			);
			path = Ara;
			sourceTree = "<group>";
		};
		BEFEAC292A2B564400492A08 = {
			isa = PBXGroup;
			children = (
				BEFEAC342A2B564400492A08 /* InstagramClone */,
				BEFEAC332A2B564400492A08 /* Products */,
			);
			sourceTree = "<group>";
		};
		BEFEAC332A2B564400492A08 /* Products */ = {
			isa = PBXGroup;
			children = (
				BEFEAC322A2B564400492A08 /* InstagramClone.app */,
			);
			name = Products;
			sourceTree = "<group>";
		};
		BEFEAC342A2B564400492A08 /* InstagramClone */ = {
			isa = PBXGroup;
			children = (
				BE3A47342A33192D00D6A832 /* Ara */,
				BE3A472D2A32009D00D6A832 /* AnaGorunum */,
				BEFEAC702A2E479500492A08 /* FotografEkle */,
				BEFEAC6D2A2C646000492A08 /* OturumAc */,
				BEFEAC6A2A2BFBF200492A08 /* Model */,
				BEFEAC672A2BF27A00492A08 /* KullaniciProfil */,
				BEFEAC392A2B564400492A08 /* KayitOlController.swift */,
				BEFEAC632A2BDECC00492A08 /* AnaTabBarController.swift */,
				BEFEAC3B2A2B564400492A08 /* Main.storyboard */,
				BEFEAC3E2A2B564500492A08 /* Assets.xcassets */,
				BEFEAC402A2B564500492A08 /* LaunchScreen.storyboard */,
				BEFEAC432A2B564500492A08 /* Info.plist */,
				BEFEAC372A2B564400492A08 /* SceneDelegate.swift */,
				BEFEAC352A2B564400492A08 /* AppDelegate.swift */,
				BEFEAC492A2B667900492A08 /* Extension.swift */,
				BEFEAC4B2A2B710D00492A08 /* GoogleService-Info.plist */,
			);
			path = InstagramClone;
			sourceTree = "<group>";
		};
		BEFEAC672A2BF27A00492A08 /* KullaniciProfil */ = {
			isa = PBXGroup;
			children = (
				BEFEAC652A2BDFEC00492A08 /* KullaniciProfiliController.swift */,
				BEFEAC682A2BF2AE00492A08 /* KullaniciProfilHeader.swift */,
				BEFEAC7B2A30526800492A08 /* KullaniciPaylasimFotoCell.swift */,
			);
			path = KullaniciProfil;
			sourceTree = "<group>";
		};
		BEFEAC6A2A2BFBF200492A08 /* Model */ = {
			isa = PBXGroup;
			children = (
				BEFEAC6B2A2BFC0100492A08 /* Kullanici.swift */,
				BEFEAC792A304BF100492A08 /* Paylasim.swift */,
			);
			path = Model;
			sourceTree = "<group>";
		};
		BEFEAC6D2A2C646000492A08 /* OturumAc */ = {
			isa = PBXGroup;
			children = (
				BEFEAC6E2A2C647800492A08 /* OturumAcController.swift */,
			);
			path = OturumAc;
			sourceTree = "<group>";
		};
		BEFEAC702A2E479500492A08 /* FotografEkle */ = {
			isa = PBXGroup;
			children = (
				BEFEAC712A2E47B300492A08 /* FotografSeciciController.swift */,
				BEFEAC732A2F280700492A08 /* FotografSeciciCell.swift */,
				BEFEAC752A2F6CAA00492A08 /* FotografSeciciHeader.swift */,
				BEFEAC772A2F845800492A08 /* FotografPaylasController.swift */,
			);
			path = FotografEkle;
			sourceTree = "<group>";
		};
/* End PBXGroup section */

/* Begin PBXNativeTarget section */
		BEFEAC312A2B564400492A08 /* InstagramClone */ = {
			isa = PBXNativeTarget;
			buildConfigurationList = BEFEAC462A2B564500492A08 /* Build configuration list for PBXNativeTarget "InstagramClone" */;
			buildPhases = (
				BEFEAC2E2A2B564400492A08 /* Sources */,
				BEFEAC2F2A2B564400492A08 /* Frameworks */,
				BEFEAC302A2B564400492A08 /* Resources */,
			);
			buildRules = (
			);
			dependencies = (
			);
			name = InstagramClone;
			packageProductDependencies = (
				BEFEAC552A2BA73A00492A08 /* JGProgressHUD */,
				BEFEAC582A2BA8AA00492A08 /* FirebaseAuth */,
				BEFEAC5A2A2BA8AA00492A08 /* FirebaseDatabase */,
				BEFEAC5C2A2BA8AA00492A08 /* FirebaseFirestore */,
				BEFEAC5E2A2BA8AA00492A08 /* FirebaseStorage */,
				BEFEAC612A2BA8E500492A08 /* SDWebImage */,
			);
			productName = InstagramClone;
			productReference = BEFEAC322A2B564400492A08 /* InstagramClone.app */;
			productType = "com.apple.product-type.application";
		};
/* End PBXNativeTarget section */

/* Begin PBXProject section */
		BEFEAC2A2A2B564400492A08 /* Project object */ = {
			isa = PBXProject;
			attributes = {
				BuildIndependentTargetsInParallel = 1;
				LastSwiftUpdateCheck = 1430;
				LastUpgradeCheck = 1430;
				TargetAttributes = {
					BEFEAC312A2B564400492A08 = {
						CreatedOnToolsVersion = 14.3;
					};
				};
			};
			buildConfigurationList = BEFEAC2D2A2B564400492A08 /* Build configuration list for PBXProject "InstagramClone" */;
			compatibilityVersion = "Xcode 14.0";
			developmentRegion = en;
			hasScannedForEncodings = 0;
			knownRegions = (
				en,
				Base,
			);
			mainGroup = BEFEAC292A2B564400492A08;
			packageReferences = (
				BEFEAC542A2BA73A00492A08 /* XCRemoteSwiftPackageReference "JGProgressHUD" */,
				BEFEAC572A2BA8AA00492A08 /* XCRemoteSwiftPackageReference "firebase-ios-sdk" */,
				BEFEAC602A2BA8E500492A08 /* XCRemoteSwiftPackageReference "SDWebImage" */,
			);
			productRefGroup = BEFEAC332A2B564400492A08 /* Products */;
			projectDirPath = "";
			projectRoot = "";
			targets = (
				BEFEAC312A2B564400492A08 /* InstagramClone */,
			);
		};
/* End PBXProject section */

/* Begin PBXResourcesBuildPhase section */
		BEFEAC302A2B564400492A08 /* Resources */ = {
			isa = PBXResourcesBuildPhase;
			buildActionMask = 2147483647;
			files = (
				BEFEAC422A2B564500492A08 /* LaunchScreen.storyboard in Resources */,
				BEFEAC4C2A2B710D00492A08 /* GoogleService-Info.plist in Resources */,
				BEFEAC3F2A2B564500492A08 /* Assets.xcassets in Resources */,
				BEFEAC3D2A2B564400492A08 /* Main.storyboard in Resources */,
			);
			runOnlyForDeploymentPostprocessing = 0;
		};
/* End PBXResourcesBuildPhase section */

/* Begin PBXSourcesBuildPhase section */
		BEFEAC2E2A2B564400492A08 /* Sources */ = {
			isa = PBXSourcesBuildPhase;
			buildActionMask = 2147483647;
			files = (
				BEFEAC742A2F280700492A08 /* FotografSeciciCell.swift in Sources */,
				BEFEAC6F2A2C647800492A08 /* OturumAcController.swift in Sources */,
				BE3A472F2A3200BB00D6A832 /* AnaController.swift in Sources */,
				BEFEAC722A2E47B300492A08 /* FotografSeciciController.swift in Sources */,
				BEFEAC3A2A2B564400492A08 /* KayitOlController.swift in Sources */,
				BEFEAC692A2BF2AE00492A08 /* KullaniciProfilHeader.swift in Sources */,
				BEFEAC642A2BDECC00492A08 /* AnaTabBarController.swift in Sources */,
				BEFEAC662A2BDFEC00492A08 /* KullaniciProfiliController.swift in Sources */,
				BEFEAC362A2B564400492A08 /* AppDelegate.swift in Sources */,
				BE3A47362A336A5D00D6A832 /* KullaniciAraCell.swift in Sources */,
				BE3A47332A3318EB00D6A832 /* KullaniciAraController.swift in Sources */,
				BEFEAC382A2B564400492A08 /* SceneDelegate.swift in Sources */,
				BEFEAC6C2A2BFC0100492A08 /* Kullanici.swift in Sources */,
				BEFEAC782A2F845800492A08 /* FotografPaylasController.swift in Sources */,
				BEFEAC7C2A30526800492A08 /* KullaniciPaylasimFotoCell.swift in Sources */,
				BEFEAC7A2A304BF100492A08 /* Paylasim.swift in Sources */,
				BEFEAC762A2F6CAA00492A08 /* FotografSeciciHeader.swift in Sources */,
				BEFEAC4A2A2B667900492A08 /* Extension.swift in Sources */,
				BE3A47312A32028200D6A832 /* AnaPaylasimCell.swift in Sources */,
			);
			runOnlyForDeploymentPostprocessing = 0;
		};
/* End PBXSourcesBuildPhase section */

/* Begin PBXVariantGroup section */
		BEFEAC3B2A2B564400492A08 /* Main.storyboard */ = {
			isa = PBXVariantGroup;
			children = (
				BEFEAC3C2A2B564400492A08 /* Base */,
			);
			name = Main.storyboard;
			sourceTree = "<group>";
		};
		BEFEAC402A2B564500492A08 /* LaunchScreen.storyboard */ = {
			isa = PBXVariantGroup;
			children = (
				BEFEAC412A2B564500492A08 /* Base */,
			);
			name = LaunchScreen.storyboard;
			sourceTree = "<group>";
		};
/* End PBXVariantGroup section */

/* Begin XCBuildConfiguration section */
		BEFEAC442A2B564500492A08 /* Debug */ = {
			isa = XCBuildConfiguration;
			buildSettings = {
				ALWAYS_SEARCH_USER_PATHS = NO;
				CLANG_ANALYZER_NONNULL = YES;
				CLANG_ANALYZER_NUMBER_OBJECT_CONVERSION = YES_AGGRESSIVE;
				CLANG_CXX_LANGUAGE_STANDARD = "gnu++20";
				CLANG_ENABLE_MODULES = YES;
				CLANG_ENABLE_OBJC_ARC = YES;
				CLANG_ENABLE_OBJC_WEAK = YES;
				CLANG_WARN_BLOCK_CAPTURE_AUTORELEASING = YES;
				CLANG_WARN_BOOL_CONVERSION = YES;
				CLANG_WARN_COMMA = YES;
				CLANG_WARN_CONSTANT_CONVERSION = YES;
				CLANG_WARN_DEPRECATED_OBJC_IMPLEMENTATIONS = YES;
				CLANG_WARN_DIRECT_OBJC_ISA_USAGE = YES_ERROR;
				CLANG_WARN_DOCUMENTATION_COMMENTS = YES;
				CLANG_WARN_EMPTY_BODY = YES;
				CLANG_WARN_ENUM_CONVERSION = YES;
				CLANG_WARN_INFINITE_RECURSION = YES;
				CLANG_WARN_INT_CONVERSION = YES;
				CLANG_WARN_NON_LITERAL_NULL_CONVERSION = YES;
				CLANG_WARN_OBJC_IMPLICIT_RETAIN_SELF = YES;
				CLANG_WARN_OBJC_LITERAL_CONVERSION = YES;
				CLANG_WARN_OBJC_ROOT_CLASS = YES_ERROR;
				CLANG_WARN_QUOTED_INCLUDE_IN_FRAMEWORK_HEADER = YES;
				CLANG_WARN_RANGE_LOOP_ANALYSIS = YES;
				CLANG_WARN_STRICT_PROTOTYPES = YES;
				CLANG_WARN_SUSPICIOUS_MOVE = YES;
				CLANG_WARN_UNGUARDED_AVAILABILITY = YES_AGGRESSIVE;
				CLANG_WARN_UNREACHABLE_CODE = YES;
				CLANG_WARN__DUPLICATE_METHOD_MATCH = YES;
				COPY_PHASE_STRIP = NO;
				DEBUG_INFORMATION_FORMAT = dwarf;
				ENABLE_STRICT_OBJC_MSGSEND = YES;
				ENABLE_TESTABILITY = YES;
				GCC_C_LANGUAGE_STANDARD = gnu11;
				GCC_DYNAMIC_NO_PIC = NO;
				GCC_NO_COMMON_BLOCKS = YES;
				GCC_OPTIMIZATION_LEVEL = 0;
				GCC_PREPROCESSOR_DEFINITIONS = (
					"DEBUG=1",
					"$(inherited)",
				);
				GCC_WARN_64_TO_32_BIT_CONVERSION = YES;
				GCC_WARN_ABOUT_RETURN_TYPE = YES_ERROR;
				GCC_WARN_UNDECLARED_SELECTOR = YES;
				GCC_WARN_UNINITIALIZED_AUTOS = YES_AGGRESSIVE;
				GCC_WARN_UNUSED_FUNCTION = YES;
				GCC_WARN_UNUSED_VARIABLE = YES;
				IPHONEOS_DEPLOYMENT_TARGET = 16.4;
				MTL_ENABLE_DEBUG_INFO = INCLUDE_SOURCE;
				MTL_FAST_MATH = YES;
				ONLY_ACTIVE_ARCH = YES;
				SDKROOT = iphoneos;
				SWIFT_ACTIVE_COMPILATION_CONDITIONS = DEBUG;
				SWIFT_OPTIMIZATION_LEVEL = "-Onone";
			};
			name = Debug;
		};
		BEFEAC452A2B564500492A08 /* Release */ = {
			isa = XCBuildConfiguration;
			buildSettings = {
				ALWAYS_SEARCH_USER_PATHS = NO;
				CLANG_ANALYZER_NONNULL = YES;
				CLANG_ANALYZER_NUMBER_OBJECT_CONVERSION = YES_AGGRESSIVE;
				CLANG_CXX_LANGUAGE_STANDARD = "gnu++20";
				CLANG_ENABLE_MODULES = YES;
				CLANG_ENABLE_OBJC_ARC = YES;
				CLANG_ENABLE_OBJC_WEAK = YES;
				CLANG_WARN_BLOCK_CAPTURE_AUTORELEASING = YES;
				CLANG_WARN_BOOL_CONVERSION = YES;
				CLANG_WARN_COMMA = YES;
				CLANG_WARN_CONSTANT_CONVERSION = YES;
				CLANG_WARN_DEPRECATED_OBJC_IMPLEMENTATIONS = YES;
				CLANG_WARN_DIRECT_OBJC_ISA_USAGE = YES_ERROR;
				CLANG_WARN_DOCUMENTATION_COMMENTS = YES;
				CLANG_WARN_EMPTY_BODY = YES;
				CLANG_WARN_ENUM_CONVERSION = YES;
				CLANG_WARN_INFINITE_RECURSION = YES;
				CLANG_WARN_INT_CONVERSION = YES;
				CLANG_WARN_NON_LITERAL_NULL_CONVERSION = YES;
				CLANG_WARN_OBJC_IMPLICIT_RETAIN_SELF = YES;
				CLANG_WARN_OBJC_LITERAL_CONVERSION = YES;
				CLANG_WARN_OBJC_ROOT_CLASS = YES_ERROR;
				CLANG_WARN_QUOTED_INCLUDE_IN_FRAMEWORK_HEADER = YES;
				CLANG_WARN_RANGE_LOOP_ANALYSIS = YES;
				CLANG_WARN_STRICT_PROTOTYPES = YES;
				CLANG_WARN_SUSPICIOUS_MOVE = YES;
				CLANG_WARN_UNGUARDED_AVAILABILITY = YES_AGGRESSIVE;
				CLANG_WARN_UNREACHABLE_CODE = YES;
				CLANG_WARN__DUPLICATE_METHOD_MATCH = YES;
				COPY_PHASE_STRIP = NO;
				DEBUG_INFORMATION_FORMAT = "dwarf-with-dsym";
				ENABLE_NS_ASSERTIONS = NO;
				ENABLE_STRICT_OBJC_MSGSEND = YES;
				GCC_C_LANGUAGE_STANDARD = gnu11;
				GCC_NO_COMMON_BLOCKS = YES;
				GCC_WARN_64_TO_32_BIT_CONVERSION = YES;
				GCC_WARN_ABOUT_RETURN_TYPE = YES_ERROR;
				GCC_WARN_UNDECLARED_SELECTOR = YES;
				GCC_WARN_UNINITIALIZED_AUTOS = YES_AGGRESSIVE;
				GCC_WARN_UNUSED_FUNCTION = YES;
				GCC_WARN_UNUSED_VARIABLE = YES;
				IPHONEOS_DEPLOYMENT_TARGET = 16.4;
				MTL_ENABLE_DEBUG_INFO = NO;
				MTL_FAST_MATH = YES;
				SDKROOT = iphoneos;
				SWIFT_COMPILATION_MODE = wholemodule;
				SWIFT_OPTIMIZATION_LEVEL = "-O";
				VALIDATE_PRODUCT = YES;
			};
			name = Release;
		};
		BEFEAC472A2B564500492A08 /* Debug */ = {
			isa = XCBuildConfiguration;
			buildSettings = {
				ASSETCATALOG_COMPILER_APPICON_NAME = AppIcon;
				ASSETCATALOG_COMPILER_GLOBAL_ACCENT_COLOR_NAME = AccentColor;
				CODE_SIGN_STYLE = Automatic;
				CURRENT_PROJECT_VERSION = 1;
				GENERATE_INFOPLIST_FILE = YES;
				INFOPLIST_FILE = InstagramClone/Info.plist;
				INFOPLIST_KEY_UIApplicationSupportsIndirectInputEvents = YES;
				INFOPLIST_KEY_UILaunchStoryboardName = LaunchScreen;
				INFOPLIST_KEY_UIMainStoryboardFile = Main;
				INFOPLIST_KEY_UISupportedInterfaceOrientations_iPad = "UIInterfaceOrientationPortrait UIInterfaceOrientationPortraitUpsideDown UIInterfaceOrientationLandscapeLeft UIInterfaceOrientationLandscapeRight";
				INFOPLIST_KEY_UISupportedInterfaceOrientations_iPhone = "UIInterfaceOrientationPortrait UIInterfaceOrientationLandscapeLeft UIInterfaceOrientationLandscapeRight";
				LD_RUNPATH_SEARCH_PATHS = (
					"$(inherited)",
					"@executable_path/Frameworks",
				);
				MARKETING_VERSION = 1.0;
				PRODUCT_BUNDLE_IDENTIFIER = kardesseven.InstagramClone;
				PRODUCT_NAME = "$(TARGET_NAME)";
				SWIFT_EMIT_LOC_STRINGS = YES;
				SWIFT_VERSION = 5.0;
				TARGETED_DEVICE_FAMILY = "1,2";
			};
			name = Debug;
		};
		BEFEAC482A2B564500492A08 /* Release */ = {
			isa = XCBuildConfiguration;
			buildSettings = {
				ASSETCATALOG_COMPILER_APPICON_NAME = AppIcon;
				ASSETCATALOG_COMPILER_GLOBAL_ACCENT_COLOR_NAME = AccentColor;
				CODE_SIGN_STYLE = Automatic;
				CURRENT_PROJECT_VERSION = 1;
				GENERATE_INFOPLIST_FILE = YES;
				INFOPLIST_FILE = InstagramClone/Info.plist;
				INFOPLIST_KEY_UIApplicationSupportsIndirectInputEvents = YES;
				INFOPLIST_KEY_UILaunchStoryboardName = LaunchScreen;
				INFOPLIST_KEY_UIMainStoryboardFile = Main;
				INFOPLIST_KEY_UISupportedInterfaceOrientations_iPad = "UIInterfaceOrientationPortrait UIInterfaceOrientationPortraitUpsideDown UIInterfaceOrientationLandscapeLeft UIInterfaceOrientationLandscapeRight";
				INFOPLIST_KEY_UISupportedInterfaceOrientations_iPhone = "UIInterfaceOrientationPortrait UIInterfaceOrientationLandscapeLeft UIInterfaceOrientationLandscapeRight";
				LD_RUNPATH_SEARCH_PATHS = (
					"$(inherited)",
					"@executable_path/Frameworks",
				);
				MARKETING_VERSION = 1.0;
				PRODUCT_BUNDLE_IDENTIFIER = kardesseven.InstagramClone;
				PRODUCT_NAME = "$(TARGET_NAME)";
				SWIFT_EMIT_LOC_STRINGS = YES;
				SWIFT_VERSION = 5.0;
				TARGETED_DEVICE_FAMILY = "1,2";
			};
			name = Release;
		};
/* End XCBuildConfiguration section */

/* Begin XCConfigurationList section */
		BEFEAC2D2A2B564400492A08 /* Build configuration list for PBXProject "InstagramClone" */ = {
			isa = XCConfigurationList;
			buildConfigurations = (
				BEFEAC442A2B564500492A08 /* Debug */,
				BEFEAC452A2B564500492A08 /* Release */,
			);
			defaultConfigurationIsVisible = 0;
			defaultConfigurationName = Release;
		};
		BEFEAC462A2B564500492A08 /* Build configuration list for PBXNativeTarget "InstagramClone" */ = {
			isa = XCConfigurationList;
			buildConfigurations = (
				BEFEAC472A2B564500492A08 /* Debug */,
				BEFEAC482A2B564500492A08 /* Release */,
			);
			defaultConfigurationIsVisible = 0;
			defaultConfigurationName = Release;
		};
/* End XCConfigurationList section */

/* Begin XCRemoteSwiftPackageReference section */
		BEFEAC542A2BA73A00492A08 /* XCRemoteSwiftPackageReference "JGProgressHUD" */ = {
			isa = XCRemoteSwiftPackageReference;
			repositoryURL = "https://github.com/JonasGessner/JGProgressHUD.git";
			requirement = {
				kind = upToNextMajorVersion;
				minimumVersion = 2.0.0;
			};
		};
		BEFEAC572A2BA8AA00492A08 /* XCRemoteSwiftPackageReference "firebase-ios-sdk" */ = {
			isa = XCRemoteSwiftPackageReference;
			repositoryURL = "https://github.com/firebase/firebase-ios-sdk";
			requirement = {
				kind = upToNextMajorVersion;
				minimumVersion = 10.0.0;
			};
		};
		BEFEAC602A2BA8E500492A08 /* XCRemoteSwiftPackageReference "SDWebImage" */ = {
			isa = XCRemoteSwiftPackageReference;
			repositoryURL = "https://github.com/SDWebImage/SDWebImage.git";
			requirement = {
				kind = upToNextMajorVersion;
				minimumVersion = 5.0.0;
			};
		};
/* End XCRemoteSwiftPackageReference section */

/* Begin XCSwiftPackageProductDependency section */
		BEFEAC552A2BA73A00492A08 /* JGProgressHUD */ = {
			isa = XCSwiftPackageProductDependency;
			package = BEFEAC542A2BA73A00492A08 /* XCRemoteSwiftPackageReference "JGProgressHUD" */;
			productName = JGProgressHUD;
		};
		BEFEAC582A2BA8AA00492A08 /* FirebaseAuth */ = {
			isa = XCSwiftPackageProductDependency;
			package = BEFEAC572A2BA8AA00492A08 /* XCRemoteSwiftPackageReference "firebase-ios-sdk" */;
			productName = FirebaseAuth;
		};
		BEFEAC5A2A2BA8AA00492A08 /* FirebaseDatabase */ = {
			isa = XCSwiftPackageProductDependency;
			package = BEFEAC572A2BA8AA00492A08 /* XCRemoteSwiftPackageReference "firebase-ios-sdk" */;
			productName = FirebaseDatabase;
		};
		BEFEAC5C2A2BA8AA00492A08 /* FirebaseFirestore */ = {
			isa = XCSwiftPackageProductDependency;
			package = BEFEAC572A2BA8AA00492A08 /* XCRemoteSwiftPackageReference "firebase-ios-sdk" */;
			productName = FirebaseFirestore;
		};
		BEFEAC5E2A2BA8AA00492A08 /* FirebaseStorage */ = {
			isa = XCSwiftPackageProductDependency;
			package = BEFEAC572A2BA8AA00492A08 /* XCRemoteSwiftPackageReference "firebase-ios-sdk" */;
			productName = FirebaseStorage;
		};
		BEFEAC612A2BA8E500492A08 /* SDWebImage */ = {
			isa = XCSwiftPackageProductDependency;
			package = BEFEAC602A2BA8E500492A08 /* XCRemoteSwiftPackageReference "SDWebImage" */;
			productName = SDWebImage;
		};
/* End XCSwiftPackageProductDependency section */
	};
	rootObject = BEFEAC2A2A2B564400492A08 /* Project object */;
}
